Microsoft Visual Studio Solution File, Format Version 12.00
# Visual Studio Version 17
VisualStudioVersion = 17.5.2.0
MinimumVisualStudioVersion = 10.0.40219.1
Project("{FAE04EC0-301F-11D3-BF4B-00C04F79EFBC}") = "Jolt9.Common", "cmn\Jolt9.Common.csproj", "{FA637E6C-B823-0F59-8E49-8AD8D2527BBB}"
EndProject
Project("{2150E333-8FDC-42A3-9474-1A3956D46DE8}") = "tpl", "tpl", "{40228FFA-1D4C-6422-BAE2-0385D599BE6E}"
EndProject
Project("{FAE04EC0-301F-11D3-BF4B-00C04F79EFBC}") = "Bcl", "tpl\bcl\Bcl.csproj", "{086D7E20-797F-7C3D-A8CC-F978F3363BC3}"
EndProject
Project("{2150E333-8FDC-42A3-9474-1A3956D46DE8}") = "bcl", "bcl", "{ED8D7D28-4292-44C9-ACE2-A1C40CD379CE}"
EndProject
Project("{FAE04EC0-301F-11D3-BF4B-00C04F79EFBC}") = "Bearz.Bearz.Core", "bcl\Bearz.Core\Bearz.Bearz.Core.csproj", "{097E8D45-8502-488E-9BDF-8A9F28255CBF}"
EndProject
Project("{FAE04EC0-301F-11D3-BF4B-00C04F79EFBC}") = "Bearz.Core", "bcl\Core\Bearz.Core.csproj", "{E2CBD54C-70A6-4907-891A-1C90BA602923}"
EndProject
Project("{FAE04EC0-301F-11D3-BF4B-00C04F79EFBC}") = "Bearz.Exec", "bcl\Exec\Bearz.Exec.csproj", "{7506ADBA-210E-462D-8CF1-FA50D15FB86D}"
EndProject
Project("{FAE04EC0-301F-11D3-BF4B-00C04F79EFBC}") = "Bearz.Env", "bcl\Env\Bearz.Env.csproj", "{380288BE-9671-4976-9CA2-CB98C2622119}"
EndProject
Project("{FAE04EC0-301F-11D3-BF4B-00C04F79EFBC}") = "Bearz.Colors.Primitives", "bcl\Colors.Primitives\Bearz.Colors.Primitives.csproj", "{8F05E796-139A-4D03-88B4-FEE9702F9B87}"
EndProject
Project("{FAE04EC0-301F-11D3-BF4B-00C04F79EFBC}") = "Bearz.Collections", "bcl\Collections\Bearz.Collections.csproj", "{DCD717DB-23EE-4DD0-82A2-20C7A709B1C7}"
EndProject
Project("{FAE04EC0-301F-11D3-BF4B-00C04F79EFBC}") = "Bearz.Functional", "bcl\Functional\Bearz.Functional.csproj", "{C3F0637C-F908-4D30-86C4-C1B2171109AD}"
EndProject
Project("{FAE04EC0-301F-11D3-BF4B-00C04F79EFBC}") = "Bearz.Secrets", "bcl\Secrets\Bearz.Secrets.csproj", "{773906BE-455F-4C70-8EFE-879C86602201}"
EndProject
Project("{FAE04EC0-301F-11D3-BF4B-00C04F79EFBC}") = "Bearz.OS.Env", "bcl\OS.Env\Bearz.OS.Env.csproj", "{0FC338E5-2AA1-4CA6-A0AE-6F71C4965AAD}"
EndProject
Project("{FAE04EC0-301F-11D3-BF4B-00C04F79EFBC}") = "Bearz.OS.Exec", "bcl\OS.Exec\Bearz.OS.Exec.csproj", "{AEAB1A91-D6DC-4E8D-A69A-FC092BCF0093}"
EndProject
Project("{FAE04EC0-301F-11D3-BF4B-00C04F79EFBC}") = "Bearz.OS", "bcl\OS\Bearz.OS.csproj", "{23DB24E5-BBB3-4358-BEE8-0F242DA47F65}"
EndProject
Project("{FAE04EC0-301F-11D3-BF4B-00C04F79EFBC}") = "Bearz.OS.User", "bcl\OS.User\Bearz.OS.User.csproj", "{C2C4F195-34F9-4779-A858-ABD9B5E5AA48}"
EndProject
Project("{FAE04EC0-301F-11D3-BF4B-00C04F79EFBC}") = "Bearz.OS.Secrets", "bcl\OS.Secrets\Bearz.OS.Secrets.csproj", "{29E991C0-2C40-41E7-8C1B-2224B300D4CF}"
EndProject
Project("{FAE04EC0-301F-11D3-BF4B-00C04F79EFBC}") = "Bearz.Text.DotEnv", "bcl\Text.DotEnv\Bearz.Text.DotEnv.csproj", "{CD230C36-B6FE-4C44-BF55-40B5A03E063E}"
EndProject
Global
	GlobalSection(SolutionConfigurationPlatforms) = preSolution
		Debug|Any CPU = Debug|Any CPU
		Release|Any CPU = Release|Any CPU
	EndGlobalSection
	GlobalSection(ProjectConfigurationPlatforms) = postSolution
		{FA637E6C-B823-0F59-8E49-8AD8D2527BBB}.Debug|Any CPU.ActiveCfg = Debug|Any CPU
		{FA637E6C-B823-0F59-8E49-8AD8D2527BBB}.Debug|Any CPU.Build.0 = Debug|Any CPU
		{FA637E6C-B823-0F59-8E49-8AD8D2527BBB}.Release|Any CPU.ActiveCfg = Release|Any CPU
		{FA637E6C-B823-0F59-8E49-8AD8D2527BBB}.Release|Any CPU.Build.0 = Release|Any CPU
		{086D7E20-797F-7C3D-A8CC-F978F3363BC3}.Debug|Any CPU.ActiveCfg = Debug|Any CPU
		{086D7E20-797F-7C3D-A8CC-F978F3363BC3}.Debug|Any CPU.Build.0 = Debug|Any CPU
		{086D7E20-797F-7C3D-A8CC-F978F3363BC3}.Release|Any CPU.ActiveCfg = Release|Any CPU
		{086D7E20-797F-7C3D-A8CC-F978F3363BC3}.Release|Any CPU.Build.0 = Release|Any CPU
		{097E8D45-8502-488E-9BDF-8A9F28255CBF}.Debug|Any CPU.ActiveCfg = Debug|Any CPU
		{097E8D45-8502-488E-9BDF-8A9F28255CBF}.Debug|Any CPU.Build.0 = Debug|Any CPU
		{097E8D45-8502-488E-9BDF-8A9F28255CBF}.Release|Any CPU.ActiveCfg = Release|Any CPU
		{097E8D45-8502-488E-9BDF-8A9F28255CBF}.Release|Any CPU.Build.0 = Release|Any CPU
		{E2CBD54C-70A6-4907-891A-1C90BA602923}.Debug|Any CPU.ActiveCfg = Debug|Any CPU
		{E2CBD54C-70A6-4907-891A-1C90BA602923}.Debug|Any CPU.Build.0 = Debug|Any CPU
		{E2CBD54C-70A6-4907-891A-1C90BA602923}.Release|Any CPU.ActiveCfg = Release|Any CPU
		{E2CBD54C-70A6-4907-891A-1C90BA602923}.Release|Any CPU.Build.0 = Release|Any CPU
		{7506ADBA-210E-462D-8CF1-FA50D15FB86D}.Debug|Any CPU.ActiveCfg = Debug|Any CPU
		{7506ADBA-210E-462D-8CF1-FA50D15FB86D}.Debug|Any CPU.Build.0 = Debug|Any CPU
		{7506ADBA-210E-462D-8CF1-FA50D15FB86D}.Release|Any CPU.ActiveCfg = Release|Any CPU
		{7506ADBA-210E-462D-8CF1-FA50D15FB86D}.Release|Any CPU.Build.0 = Release|Any CPU
		{380288BE-9671-4976-9CA2-CB98C2622119}.Debug|Any CPU.ActiveCfg = Debug|Any CPU
		{380288BE-9671-4976-9CA2-CB98C2622119}.Debug|Any CPU.Build.0 = Debug|Any CPU
		{380288BE-9671-4976-9CA2-CB98C2622119}.Release|Any CPU.ActiveCfg = Release|Any CPU
		{380288BE-9671-4976-9CA2-CB98C2622119}.Release|Any CPU.Build.0 = Release|Any CPU
		{8F05E796-139A-4D03-88B4-FEE9702F9B87}.Debug|Any CPU.ActiveCfg = Debug|Any CPU
		{8F05E796-139A-4D03-88B4-FEE9702F9B87}.Debug|Any CPU.Build.0 = Debug|Any CPU
		{8F05E796-139A-4D03-88B4-FEE9702F9B87}.Release|Any CPU.ActiveCfg = Release|Any CPU
		{8F05E796-139A-4D03-88B4-FEE9702F9B87}.Release|Any CPU.Build.0 = Release|Any CPU
		{DCD717DB-23EE-4DD0-82A2-20C7A709B1C7}.Debug|Any CPU.ActiveCfg = Debug|Any CPU
		{DCD717DB-23EE-4DD0-82A2-20C7A709B1C7}.Debug|Any CPU.Build.0 = Debug|Any CPU
		{DCD717DB-23EE-4DD0-82A2-20C7A709B1C7}.Release|Any CPU.ActiveCfg = Release|Any CPU
		{DCD717DB-23EE-4DD0-82A2-20C7A709B1C7}.Release|Any CPU.Build.0 = Release|Any CPU
		{C3F0637C-F908-4D30-86C4-C1B2171109AD}.Debug|Any CPU.ActiveCfg = Debug|Any CPU
		{C3F0637C-F908-4D30-86C4-C1B2171109AD}.Debug|Any CPU.Build.0 = Debug|Any CPU
		{C3F0637C-F908-4D30-86C4-C1B2171109AD}.Release|Any CPU.ActiveCfg = Release|Any CPU
		{C3F0637C-F908-4D30-86C4-C1B2171109AD}.Release|Any CPU.Build.0 = Release|Any CPU
		{773906BE-455F-4C70-8EFE-879C86602201}.Debug|Any CPU.ActiveCfg = Debug|Any CPU
		{773906BE-455F-4C70-8EFE-879C86602201}.Debug|Any CPU.Build.0 = Debug|Any CPU
		{773906BE-455F-4C70-8EFE-879C86602201}.Release|Any CPU.ActiveCfg = Release|Any CPU
		{773906BE-455F-4C70-8EFE-879C86602201}.Release|Any CPU.Build.0 = Release|Any CPU
		{0FC338E5-2AA1-4CA6-A0AE-6F71C4965AAD}.Debug|Any CPU.ActiveCfg = Debug|Any CPU
		{0FC338E5-2AA1-4CA6-A0AE-6F71C4965AAD}.Debug|Any CPU.Build.0 = Debug|Any CPU
		{0FC338E5-2AA1-4CA6-A0AE-6F71C4965AAD}.Release|Any CPU.ActiveCfg = Release|Any CPU
		{0FC338E5-2AA1-4CA6-A0AE-6F71C4965AAD}.Release|Any CPU.Build.0 = Release|Any CPU
		{AEAB1A91-D6DC-4E8D-A69A-FC092BCF0093}.Debug|Any CPU.ActiveCfg = Debug|Any CPU
		{AEAB1A91-D6DC-4E8D-A69A-FC092BCF0093}.Debug|Any CPU.Build.0 = Debug|Any CPU
		{AEAB1A91-D6DC-4E8D-A69A-FC092BCF0093}.Release|Any CPU.ActiveCfg = Release|Any CPU
		{AEAB1A91-D6DC-4E8D-A69A-FC092BCF0093}.Release|Any CPU.Build.0 = Release|Any CPU
		{23DB24E5-BBB3-4358-BEE8-0F242DA47F65}.Debug|Any CPU.ActiveCfg = Debug|Any CPU
		{23DB24E5-BBB3-4358-BEE8-0F242DA47F65}.Debug|Any CPU.Build.0 = Debug|Any CPU
		{23DB24E5-BBB3-4358-BEE8-0F242DA47F65}.Release|Any CPU.ActiveCfg = Release|Any CPU
		{23DB24E5-BBB3-4358-BEE8-0F242DA47F65}.Release|Any CPU.Build.0 = Release|Any CPU
		{C2C4F195-34F9-4779-A858-ABD9B5E5AA48}.Debug|Any CPU.ActiveCfg = Debug|Any CPU
		{C2C4F195-34F9-4779-A858-ABD9B5E5AA48}.Debug|Any CPU.Build.0 = Debug|Any CPU
		{C2C4F195-34F9-4779-A858-ABD9B5E5AA48}.Release|Any CPU.ActiveCfg = Release|Any CPU
		{C2C4F195-34F9-4779-A858-ABD9B5E5AA48}.Release|Any CPU.Build.0 = Release|Any CPU
		{29E991C0-2C40-41E7-8C1B-2224B300D4CF}.Debug|Any CPU.ActiveCfg = Debug|Any CPU
		{29E991C0-2C40-41E7-8C1B-2224B300D4CF}.Debug|Any CPU.Build.0 = Debug|Any CPU
		{29E991C0-2C40-41E7-8C1B-2224B300D4CF}.Release|Any CPU.ActiveCfg = Release|Any CPU
		{29E991C0-2C40-41E7-8C1B-2224B300D4CF}.Release|Any CPU.Build.0 = Release|Any CPU
		{CD230C36-B6FE-4C44-BF55-40B5A03E063E}.Debug|Any CPU.ActiveCfg = Debug|Any CPU
		{CD230C36-B6FE-4C44-BF55-40B5A03E063E}.Debug|Any CPU.Build.0 = Debug|Any CPU
		{CD230C36-B6FE-4C44-BF55-40B5A03E063E}.Release|Any CPU.ActiveCfg = Release|Any CPU
		{CD230C36-B6FE-4C44-BF55-40B5A03E063E}.Release|Any CPU.Build.0 = Release|Any CPU
	EndGlobalSection
	GlobalSection(SolutionProperties) = preSolution
		HideSolutionNode = FALSE
	EndGlobalSection
	GlobalSection(NestedProjects) = preSolution
		{086D7E20-797F-7C3D-A8CC-F978F3363BC3} = {40228FFA-1D4C-6422-BAE2-0385D599BE6E}
		{097E8D45-8502-488E-9BDF-8A9F28255CBF} = {ED8D7D28-4292-44C9-ACE2-A1C40CD379CE}
		{E2CBD54C-70A6-4907-891A-1C90BA602923} = {ED8D7D28-4292-44C9-ACE2-A1C40CD379CE}
		{7506ADBA-210E-462D-8CF1-FA50D15FB86D} = {ED8D7D28-4292-44C9-ACE2-A1C40CD379CE}
		{380288BE-9671-4976-9CA2-CB98C2622119} = {ED8D7D28-4292-44C9-ACE2-A1C40CD379CE}
		{8F05E796-139A-4D03-88B4-FEE9702F9B87} = {ED8D7D28-4292-44C9-ACE2-A1C40CD379CE}
		{DCD717DB-23EE-4DD0-82A2-20C7A709B1C7} = {ED8D7D28-4292-44C9-ACE2-A1C40CD379CE}
		{C3F0637C-F908-4D30-86C4-C1B2171109AD} = {ED8D7D28-4292-44C9-ACE2-A1C40CD379CE}
		{773906BE-455F-4C70-8EFE-879C86602201} = {ED8D7D28-4292-44C9-ACE2-A1C40CD379CE}
		{0FC338E5-2AA1-4CA6-A0AE-6F71C4965AAD} = {ED8D7D28-4292-44C9-ACE2-A1C40CD379CE}
		{AEAB1A91-D6DC-4E8D-A69A-FC092BCF0093} = {ED8D7D28-4292-44C9-ACE2-A1C40CD379CE}
		{23DB24E5-BBB3-4358-BEE8-0F242DA47F65} = {ED8D7D28-4292-44C9-ACE2-A1C40CD379CE}
		{C2C4F195-34F9-4779-A858-ABD9B5E5AA48} = {ED8D7D28-4292-44C9-ACE2-A1C40CD379CE}
		{29E991C0-2C40-41E7-8C1B-2224B300D4CF} = {ED8D7D28-4292-44C9-ACE2-A1C40CD379CE}
		{CD230C36-B6FE-4C44-BF55-40B5A03E063E} = {ED8D7D28-4292-44C9-ACE2-A1C40CD379CE}
	EndGlobalSection
	GlobalSection(ExtensibilityGlobals) = postSolution
		SolutionGuid = {F0274BB4-D145-419A-BACC-DCA7336E57C2}
	EndGlobalSection
EndGlobal
