
Microsoft Visual Studio Solution File, Format Version 12.00
# Visual Studio Version 17
VisualStudioVersion = 17.0.31903.59
MinimumVisualStudioVersion = 10.0.40219.1
Project("{FAE04EC0-301F-11D3-BF4B-00C04F79EFBC}") = "Bearz.Common", "..\cmn\Bearz.Common.csproj", "{354294EB-384F-43E8-9EB2-F12E90CDA72F}"
EndProject
Project("{FAE04EC0-301F-11D3-BF4B-00C04F79EFBC}") = "Bearz.Core", "Core\Bearz.Core.csproj", "{C1389501-C25E-41D3-B43F-5B98976E45CE}"
EndProject
Project("{FAE04EC0-301F-11D3-BF4B-00C04F79EFBC}") = "Bearz.Bcl.Tests", "Bcl.Tests\Bearz.Bcl.Tests.csproj", "{C753FA0A-1E80-46FC-A31A-5B34C8D00677}"
EndProject
Project("{FAE04EC0-301F-11D3-BF4B-00C04F79EFBC}") = "Bearz.Exec", "Exec\Bearz.Exec.csproj", "{DC4B2E61-8AC2-4CEF-8E75-55AAA355A1FA}"
EndProject
Project("{FAE04EC0-301F-11D3-BF4B-00C04F79EFBC}") = "Bearz.Env", "Env\Bearz.Env.csproj", "{355134B3-372D-4989-B59D-38C72F4A8151}"
EndProject
Global
	GlobalSection(SolutionConfigurationPlatforms) = preSolution
		Debug|Any CPU = Debug|Any CPU
		Release|Any CPU = Release|Any CPU
	EndGlobalSection
	GlobalSection(SolutionProperties) = preSolution
		HideSolutionNode = FALSE
	EndGlobalSection
	GlobalSection(ProjectConfigurationPlatforms) = postSolution
		{354294EB-384F-43E8-9EB2-F12E90CDA72F}.Debug|Any CPU.ActiveCfg = Debug|Any CPU
		{354294EB-384F-43E8-9EB2-F12E90CDA72F}.Debug|Any CPU.Build.0 = Debug|Any CPU
		{354294EB-384F-43E8-9EB2-F12E90CDA72F}.Release|Any CPU.ActiveCfg = Release|Any CPU
		{354294EB-384F-43E8-9EB2-F12E90CDA72F}.Release|Any CPU.Build.0 = Release|Any CPU
		{C1389501-C25E-41D3-B43F-5B98976E45CE}.Debug|Any CPU.ActiveCfg = Debug|Any CPU
		{C1389501-C25E-41D3-B43F-5B98976E45CE}.Debug|Any CPU.Build.0 = Debug|Any CPU
		{C1389501-C25E-41D3-B43F-5B98976E45CE}.Release|Any CPU.ActiveCfg = Release|Any CPU
		{C1389501-C25E-41D3-B43F-5B98976E45CE}.Release|Any CPU.Build.0 = Release|Any CPU
		{C753FA0A-1E80-46FC-A31A-5B34C8D00677}.Debug|Any CPU.ActiveCfg = Debug|Any CPU
		{C753FA0A-1E80-46FC-A31A-5B34C8D00677}.Debug|Any CPU.Build.0 = Debug|Any CPU
		{C753FA0A-1E80-46FC-A31A-5B34C8D00677}.Release|Any CPU.ActiveCfg = Release|Any CPU
		{C753FA0A-1E80-46FC-A31A-5B34C8D00677}.Release|Any CPU.Build.0 = Release|Any CPU
		{DC4B2E61-8AC2-4CEF-8E75-55AAA355A1FA}.Debug|Any CPU.ActiveCfg = Debug|Any CPU
		{DC4B2E61-8AC2-4CEF-8E75-55AAA355A1FA}.Debug|Any CPU.Build.0 = Debug|Any CPU
		{DC4B2E61-8AC2-4CEF-8E75-55AAA355A1FA}.Release|Any CPU.ActiveCfg = Release|Any CPU
		{DC4B2E61-8AC2-4CEF-8E75-55AAA355A1FA}.Release|Any CPU.Build.0 = Release|Any CPU
		{355134B3-372D-4989-B59D-38C72F4A8151}.Debug|Any CPU.ActiveCfg = Debug|Any CPU
		{355134B3-372D-4989-B59D-38C72F4A8151}.Debug|Any CPU.Build.0 = Debug|Any CPU
		{355134B3-372D-4989-B59D-38C72F4A8151}.Release|Any CPU.ActiveCfg = Release|Any CPU
		{355134B3-372D-4989-B59D-38C72F4A8151}.Release|Any CPU.Build.0 = Release|Any CPU
	EndGlobalSection
EndGlobal
