
Microsoft Visual Studio Solution File, Format Version 12.00
# Visual Studio Version 17
VisualStudioVersion = 17.0.31903.59
MinimumVisualStudioVersion = 10.0.40219.1
Project("{FAE04EC0-301F-11D3-BF4B-00C04F79EFBC}") = "Bearz.Common", "..\cmn\Bearz.Common.csproj", "{354294EB-384F-43E8-9EB2-F12E90CDA72F}"
EndProject
Project("{FAE04EC0-301F-11D3-BF4B-00C04F79EFBC}") = "Bearz.Bcl.Tests", "Bcl.Tests\Bearz.Bcl.Tests.csproj", "{C753FA0A-1E80-46FC-A31A-5B34C8D00677}"
EndProject
Project("{FAE04EC0-301F-11D3-BF4B-00C04F79EFBC}") = "Bearz.Colors.Primitives", "Colors.Primitives\Bearz.Colors.Primitives.csproj", "{275D1987-D2CE-49AF-ABE4-A6F46A6E55EC}"
EndProject
Project("{FAE04EC0-301F-11D3-BF4B-00C04F79EFBC}") = "Bearz.Collections", "Collections\Bearz.Collections.csproj", "{2F5DC788-17AF-4A21-A74D-1D930FABA6C5}"
EndProject
Project("{FAE04EC0-301F-11D3-BF4B-00C04F79EFBC}") = "Bearz.Functional", "Functional\Bearz.Functional.csproj", "{BF2E73FA-7274-4CB6-BFEC-5D71BE59F89B}"
EndProject
Project("{FAE04EC0-301F-11D3-BF4B-00C04F79EFBC}") = "Bearz.Secrets", "Secrets\Bearz.Secrets.csproj", "{B9149132-EADA-4262-895B-78B066B675C1}"
EndProject
Project("{FAE04EC0-301F-11D3-BF4B-00C04F79EFBC}") = "Bearz.OS.Env", "OS.Env\Bearz.OS.Env.csproj", "{9001C39B-0C66-491C-8814-1688C9D1F5DB}"
EndProject
Project("{FAE04EC0-301F-11D3-BF4B-00C04F79EFBC}") = "Bearz.OS.Exec", "OS.Exec\Bearz.OS.Exec.csproj", "{8FA95DE3-1E08-49DD-BD11-39A003A8986F}"
EndProject
Project("{FAE04EC0-301F-11D3-BF4B-00C04F79EFBC}") = "Bearz.OS", "OS\Bearz.OS.csproj", "{362D66CA-5AB3-4264-A388-679FA019D41F}"
EndProject
Project("{FAE04EC0-301F-11D3-BF4B-00C04F79EFBC}") = "Bearz.OS.Users", "OS.User\Bearz.OS.Users.csproj", "{B27970E1-6EF2-4B05-91B3-A77A838E0E53}"
EndProject
Project("{FAE04EC0-301F-11D3-BF4B-00C04F79EFBC}") = "Bearz.OS.Secrets", "OS.Secrets\Bearz.OS.Secrets.csproj", "{F620D4E1-9F33-4121-A8E1-13519EC552B8}"
EndProject
Project("{FAE04EC0-301F-11D3-BF4B-00C04F79EFBC}") = "Bearz.Text.DotEnv", "Text.DotEnv\Bearz.Text.DotEnv.csproj", "{5111AF8C-F13D-4459-ABEA-60FEC71CE2A6}"
EndProject
Project("{2150E333-8FDC-42A3-9474-1A3956D46DE8}") = "@config", "@config", "{20F0EEED-82C0-4AF1-936F-A7AACA7F20EF}"
	ProjectSection(SolutionItems) = preProject
		..\LICENSE.md = ..\LICENSE.md
		..\justfile = ..\justfile
		..\Directory.Build.props = ..\Directory.Build.props
		..\Directory.Packages.props = ..\Directory.Packages.props
		..\.gitignore = ..\.gitignore
		..\.editorconfig = ..\.editorconfig
	EndProjectSection
EndProject
Project("{FAE04EC0-301F-11D3-BF4B-00C04F79EFBC}") = "Bearz.Crypto", "Crypto\Bearz.Crypto.csproj", "{B88DE2D1-C708-43D0-93ED-EB0CD5D6548C}"
EndProject
Project("{FAE04EC0-301F-11D3-BF4B-00C04F79EFBC}") = "Bearz.Crypto.X509", "Crypto.X509\Bearz.Crypto.X509.csproj", "{9CE72679-EA92-43AE-9B1A-1804BA231E20}"
EndProject
Global
	GlobalSection(SolutionConfigurationPlatforms) = preSolution
		Debug|Any CPU = Debug|Any CPU
		Release|Any CPU = Release|Any CPU
	EndGlobalSection
	GlobalSection(SolutionProperties) = preSolution
		HideSolutionNode = FALSE
	EndGlobalSection
	GlobalSection(ProjectConfigurationPlatforms) = postSolution
		{354294EB-384F-43E8-9EB2-F12E90CDA72F}.Debug|Any CPU.ActiveCfg = Debug|Any CPU
		{354294EB-384F-43E8-9EB2-F12E90CDA72F}.Debug|Any CPU.Build.0 = Debug|Any CPU
		{354294EB-384F-43E8-9EB2-F12E90CDA72F}.Release|Any CPU.ActiveCfg = Release|Any CPU
		{354294EB-384F-43E8-9EB2-F12E90CDA72F}.Release|Any CPU.Build.0 = Release|Any CPU
		{C753FA0A-1E80-46FC-A31A-5B34C8D00677}.Debug|Any CPU.ActiveCfg = Debug|Any CPU
		{C753FA0A-1E80-46FC-A31A-5B34C8D00677}.Debug|Any CPU.Build.0 = Debug|Any CPU
		{C753FA0A-1E80-46FC-A31A-5B34C8D00677}.Release|Any CPU.ActiveCfg = Release|Any CPU
		{C753FA0A-1E80-46FC-A31A-5B34C8D00677}.Release|Any CPU.Build.0 = Release|Any CPU
		{275D1987-D2CE-49AF-ABE4-A6F46A6E55EC}.Debug|Any CPU.ActiveCfg = Debug|Any CPU
		{275D1987-D2CE-49AF-ABE4-A6F46A6E55EC}.Debug|Any CPU.Build.0 = Debug|Any CPU
		{275D1987-D2CE-49AF-ABE4-A6F46A6E55EC}.Release|Any CPU.ActiveCfg = Release|Any CPU
		{275D1987-D2CE-49AF-ABE4-A6F46A6E55EC}.Release|Any CPU.Build.0 = Release|Any CPU
		{2F5DC788-17AF-4A21-A74D-1D930FABA6C5}.Debug|Any CPU.ActiveCfg = Debug|Any CPU
		{2F5DC788-17AF-4A21-A74D-1D930FABA6C5}.Debug|Any CPU.Build.0 = Debug|Any CPU
		{2F5DC788-17AF-4A21-A74D-1D930FABA6C5}.Release|Any CPU.ActiveCfg = Release|Any CPU
		{2F5DC788-17AF-4A21-A74D-1D930FABA6C5}.Release|Any CPU.Build.0 = Release|Any CPU
		{BF2E73FA-7274-4CB6-BFEC-5D71BE59F89B}.Debug|Any CPU.ActiveCfg = Debug|Any CPU
		{BF2E73FA-7274-4CB6-BFEC-5D71BE59F89B}.Debug|Any CPU.Build.0 = Debug|Any CPU
		{BF2E73FA-7274-4CB6-BFEC-5D71BE59F89B}.Release|Any CPU.ActiveCfg = Release|Any CPU
		{BF2E73FA-7274-4CB6-BFEC-5D71BE59F89B}.Release|Any CPU.Build.0 = Release|Any CPU
		{B9149132-EADA-4262-895B-78B066B675C1}.Debug|Any CPU.ActiveCfg = Debug|Any CPU
		{B9149132-EADA-4262-895B-78B066B675C1}.Debug|Any CPU.Build.0 = Debug|Any CPU
		{B9149132-EADA-4262-895B-78B066B675C1}.Release|Any CPU.ActiveCfg = Release|Any CPU
		{B9149132-EADA-4262-895B-78B066B675C1}.Release|Any CPU.Build.0 = Release|Any CPU
		{9001C39B-0C66-491C-8814-1688C9D1F5DB}.Debug|Any CPU.ActiveCfg = Debug|Any CPU
		{9001C39B-0C66-491C-8814-1688C9D1F5DB}.Debug|Any CPU.Build.0 = Debug|Any CPU
		{9001C39B-0C66-491C-8814-1688C9D1F5DB}.Release|Any CPU.ActiveCfg = Release|Any CPU
		{9001C39B-0C66-491C-8814-1688C9D1F5DB}.Release|Any CPU.Build.0 = Release|Any CPU
		{8FA95DE3-1E08-49DD-BD11-39A003A8986F}.Debug|Any CPU.ActiveCfg = Debug|Any CPU
		{8FA95DE3-1E08-49DD-BD11-39A003A8986F}.Debug|Any CPU.Build.0 = Debug|Any CPU
		{8FA95DE3-1E08-49DD-BD11-39A003A8986F}.Release|Any CPU.ActiveCfg = Release|Any CPU
		{8FA95DE3-1E08-49DD-BD11-39A003A8986F}.Release|Any CPU.Build.0 = Release|Any CPU
		{362D66CA-5AB3-4264-A388-679FA019D41F}.Debug|Any CPU.ActiveCfg = Debug|Any CPU
		{362D66CA-5AB3-4264-A388-679FA019D41F}.Debug|Any CPU.Build.0 = Debug|Any CPU
		{362D66CA-5AB3-4264-A388-679FA019D41F}.Release|Any CPU.ActiveCfg = Release|Any CPU
		{362D66CA-5AB3-4264-A388-679FA019D41F}.Release|Any CPU.Build.0 = Release|Any CPU
		{B27970E1-6EF2-4B05-91B3-A77A838E0E53}.Debug|Any CPU.ActiveCfg = Debug|Any CPU
		{B27970E1-6EF2-4B05-91B3-A77A838E0E53}.Debug|Any CPU.Build.0 = Debug|Any CPU
		{B27970E1-6EF2-4B05-91B3-A77A838E0E53}.Release|Any CPU.ActiveCfg = Release|Any CPU
		{B27970E1-6EF2-4B05-91B3-A77A838E0E53}.Release|Any CPU.Build.0 = Release|Any CPU
		{F620D4E1-9F33-4121-A8E1-13519EC552B8}.Debug|Any CPU.ActiveCfg = Debug|Any CPU
		{F620D4E1-9F33-4121-A8E1-13519EC552B8}.Debug|Any CPU.Build.0 = Debug|Any CPU
		{F620D4E1-9F33-4121-A8E1-13519EC552B8}.Release|Any CPU.ActiveCfg = Release|Any CPU
		{F620D4E1-9F33-4121-A8E1-13519EC552B8}.Release|Any CPU.Build.0 = Release|Any CPU
		{5111AF8C-F13D-4459-ABEA-60FEC71CE2A6}.Debug|Any CPU.ActiveCfg = Debug|Any CPU
		{5111AF8C-F13D-4459-ABEA-60FEC71CE2A6}.Debug|Any CPU.Build.0 = Debug|Any CPU
		{5111AF8C-F13D-4459-ABEA-60FEC71CE2A6}.Release|Any CPU.ActiveCfg = Release|Any CPU
		{5111AF8C-F13D-4459-ABEA-60FEC71CE2A6}.Release|Any CPU.Build.0 = Release|Any CPU
		{B88DE2D1-C708-43D0-93ED-EB0CD5D6548C}.Debug|Any CPU.ActiveCfg = Debug|Any CPU
		{B88DE2D1-C708-43D0-93ED-EB0CD5D6548C}.Debug|Any CPU.Build.0 = Debug|Any CPU
		{B88DE2D1-C708-43D0-93ED-EB0CD5D6548C}.Release|Any CPU.ActiveCfg = Release|Any CPU
		{B88DE2D1-C708-43D0-93ED-EB0CD5D6548C}.Release|Any CPU.Build.0 = Release|Any CPU
		{9CE72679-EA92-43AE-9B1A-1804BA231E20}.Debug|Any CPU.ActiveCfg = Debug|Any CPU
		{9CE72679-EA92-43AE-9B1A-1804BA231E20}.Debug|Any CPU.Build.0 = Debug|Any CPU
		{9CE72679-EA92-43AE-9B1A-1804BA231E20}.Release|Any CPU.ActiveCfg = Release|Any CPU
		{9CE72679-EA92-43AE-9B1A-1804BA231E20}.Release|Any CPU.Build.0 = Release|Any CPU
	EndGlobalSection
EndGlobal
